
Microsoft Visual Studio Solution File, Format Version 12.00
# Visual Studio Version 16
VisualStudioVersion = 16.0.30104.148
MinimumVisualStudioVersion = 10.0.40219.1
Project("{FAE04EC0-301F-11D3-BF4B-00C04F79EFBC}") = "ConsoleApp1", "ConsoleApp1\ConsoleApp1.csproj", "{B76A0921-129B-4ACC-A93C-AF1A7ED3F6DC}"
EndProject
Global
	GlobalSection(SolutionConfigurationPlatforms) = preSolution
		Debug|Any CPU = Debug|Any CPU
		Release|Any CPU = Release|Any CPU
	EndGlobalSection
	GlobalSection(ProjectConfigurationPlatforms) = postSolution
		{B76A0921-129B-4ACC-A93C-AF1A7ED3F6DC}.Debug|Any CPU.ActiveCfg = Debug|Any CPU
		{B76A0921-129B-4ACC-A93C-AF1A7ED3F6DC}.Debug|Any CPU.Build.0 = Debug|Any CPU
		{B76A0921-129B-4ACC-A93C-AF1A7ED3F6DC}.Release|Any CPU.ActiveCfg = Release|Any CPU
		{B76A0921-129B-4ACC-A93C-AF1A7ED3F6DC}.Release|Any CPU.Build.0 = Release|Any CPU
	EndGlobalSection
	GlobalSection(SolutionProperties) = preSolution
		HideSolutionNode = FALSE
	EndGlobalSection
	GlobalSection(ExtensibilityGlobals) = postSolution
		SolutionGuid = {BF38EF96-58FF-4E5F-A0F9-B8A0BA720F61}
	EndGlobalSection
EndGlobal
